
Microsoft Visual Studio Solution File, Format Version 12.00
# Visual Studio 15
VisualStudioVersion = 15.0.28307.421
MinimumVisualStudioVersion = 10.0.40219.1
Project("{FAE04EC0-301F-11D3-BF4B-00C04F79EFBC}") = "PricesCollector", "PricesCollector\PricesCollector.csproj", "{C0B16484-81CC-48AB-AA3B-10951D8F9609}"
EndProject
Global
	GlobalSection(SolutionConfigurationPlatforms) = preSolution
		Debug|Any CPU = Debug|Any CPU
		Debug|x86 = Debug|x86
		Release|Any CPU = Release|Any CPU
		Release|x86 = Release|x86
	EndGlobalSection
	GlobalSection(ProjectConfigurationPlatforms) = postSolution
		{C0B16484-81CC-48AB-AA3B-10951D8F9609}.Debug|Any CPU.ActiveCfg = Debug|Any CPU
		{C0B16484-81CC-48AB-AA3B-10951D8F9609}.Debug|Any CPU.Build.0 = Debug|Any CPU
		{C0B16484-81CC-48AB-AA3B-10951D8F9609}.Debug|x86.ActiveCfg = Debug|x86
		{C0B16484-81CC-48AB-AA3B-10951D8F9609}.Debug|x86.Build.0 = Debug|x86
		{C0B16484-81CC-48AB-AA3B-10951D8F9609}.Release|Any CPU.ActiveCfg = Release|Any CPU
		{C0B16484-81CC-48AB-AA3B-10951D8F9609}.Release|Any CPU.Build.0 = Release|Any CPU
		{C0B16484-81CC-48AB-AA3B-10951D8F9609}.Release|x86.ActiveCfg = Release|x86
		{C0B16484-81CC-48AB-AA3B-10951D8F9609}.Release|x86.Build.0 = Release|x86
	EndGlobalSection
	GlobalSection(SolutionProperties) = preSolution
		HideSolutionNode = FALSE
	EndGlobalSection
	GlobalSection(ExtensibilityGlobals) = postSolution
		SolutionGuid = {0C89D245-ABDA-4B14-AB12-D3BCC708F5E8}
	EndGlobalSection
EndGlobal
